// !$*UTF8*$!
{
	archiveVersion = 1;
	classes = {
	};
	objectVersion = 50;
	objects = {

/* Begin PBXBuildFile section */
		B7394866229F194000C47603 /* AppDelegate.swift in Sources */ = {isa = PBXBuildFile; fileRef = B7394865229F194000C47603 /* AppDelegate.swift */; };
		B7394868229F194000C47603 /* SceneDelegate.swift in Sources */ = {isa = PBXBuildFile; fileRef = B7394867229F194000C47603 /* SceneDelegate.swift */; };
		B739486A229F194000C47603 /* PlantDetail.swift in Sources */ = {isa = PBXBuildFile; fileRef = B7394869229F194000C47603 /* PlantDetail.swift */; };
		B739486C229F194200C47603 /* Assets.xcassets in Resources */ = {isa = PBXBuildFile; fileRef = B739486B229F194200C47603 /* Assets.xcassets */; };
		B739486F229F194200C47603 /* Preview Assets.xcassets in Resources */ = {isa = PBXBuildFile; fileRef = B739486E229F194200C47603 /* Preview Assets.xcassets */; };
		B7394872229F194200C47603 /* LaunchScreen.storyboard in Resources */ = {isa = PBXBuildFile; fileRef = B7394870229F194200C47603 /* LaunchScreen.storyboard */; };
		B739487A229F1B3F00C47603 /* CircleImage.swift in Sources */ = {isa = PBXBuildFile; fileRef = B7394879229F1B3F00C47603 /* CircleImage.swift */; };
		B7394881229F28B900C47603 /* Plant.swift in Sources */ = {isa = PBXBuildFile; fileRef = B739487F229F28B900C47603 /* Plant.swift */; };
		B7394882229F28B900C47603 /* Data.swift in Sources */ = {isa = PBXBuildFile; fileRef = B7394880229F28B900C47603 /* Data.swift */; };
		B739489B229F292F00C47603 /* plantData.json in Resources */ = {isa = PBXBuildFile; fileRef = B739488E229F292E00C47603 /* plantData.json */; };
		B739489F229F2D9700C47603 /* PlantRow.swift in Sources */ = {isa = PBXBuildFile; fileRef = B739489E229F2D9700C47603 /* PlantRow.swift */; };
		B73948A1229F2E1F00C47603 /* PlantList.swift in Sources */ = {isa = PBXBuildFile; fileRef = B73948A0229F2E1F00C47603 /* PlantList.swift */; };
		B7D2AAC5229F4D7C0061E5F5 /* UserData.swift in Sources */ = {isa = PBXBuildFile; fileRef = B7D2AAC4229F4D7C0061E5F5 /* UserData.swift */; };
		B7D587D222A0892C006E8DCF /* Home.swift in Sources */ = {isa = PBXBuildFile; fileRef = B7D587D122A0892C006E8DCF /* Home.swift */; };
		B7D587D422A08965006E8DCF /* CategoryRow.swift in Sources */ = {isa = PBXBuildFile; fileRef = B7D587D322A08965006E8DCF /* CategoryRow.swift */; };
		B7D587D622A08C97006E8DCF /* Profile.swift in Sources */ = {isa = PBXBuildFile; fileRef = B7D587D522A08C97006E8DCF /* Profile.swift */; };
		B7D587D922A08D33006E8DCF /* ProfileHost.swift in Sources */ = {isa = PBXBuildFile; fileRef = B7D587D822A08D33006E8DCF /* ProfileHost.swift */; };
		B7D587DB22A08D67006E8DCF /* ProfileSummary.swift in Sources */ = {isa = PBXBuildFile; fileRef = B7D587DA22A08D67006E8DCF /* ProfileSummary.swift */; };
		B7D587DF22A08E1A006E8DCF /* ProfileEditor.swift in Sources */ = {isa = PBXBuildFile; fileRef = B7D587DE22A08E1A006E8DCF /* ProfileEditor.swift */; };
		ED12D01523C2C34300AF506F /* RKColorSettings.swift in Sources */ = {isa = PBXBuildFile; fileRef = ED12D00E23C2C34300AF506F /* RKColorSettings.swift */; };
		ED12D01623C2C34300AF506F /* RKWeekdayHeader.swift in Sources */ = {isa = PBXBuildFile; fileRef = ED12D00F23C2C34300AF506F /* RKWeekdayHeader.swift */; };
		ED12D01723C2C34300AF506F /* RKCell.swift in Sources */ = {isa = PBXBuildFile; fileRef = ED12D01023C2C34300AF506F /* RKCell.swift */; };
		ED12D01823C2C34300AF506F /* RKMonth.swift in Sources */ = {isa = PBXBuildFile; fileRef = ED12D01123C2C34300AF506F /* RKMonth.swift */; };
		ED12D01923C2C34300AF506F /* RKDate.swift in Sources */ = {isa = PBXBuildFile; fileRef = ED12D01223C2C34300AF506F /* RKDate.swift */; };
		ED12D01A23C2C34400AF506F /* RKViewController.swift in Sources */ = {isa = PBXBuildFile; fileRef = ED12D01323C2C34300AF506F /* RKViewController.swift */; };
		ED12D01B23C2C34400AF506F /* RKManager.swift in Sources */ = {isa = PBXBuildFile; fileRef = ED12D01423C2C34300AF506F /* RKManager.swift */; };
		ED44BB37238743790050D901 /* Weather.swift in Sources */ = {isa = PBXBuildFile; fileRef = ED44BB36238743790050D901 /* Weather.swift */; };
		ED44BB4023887B430050D901 /* 10.jpg in Resources */ = {isa = PBXBuildFile; fileRef = ED44BB3A23887B430050D901 /* 10.jpg */; };
		ED44BB4123887B430050D901 /* 2.jpg in Resources */ = {isa = PBXBuildFile; fileRef = ED44BB3B23887B430050D901 /* 2.jpg */; };
		ED44BB4223887B430050D901 /* 5.jpg in Resources */ = {isa = PBXBuildFile; fileRef = ED44BB3C23887B430050D901 /* 5.jpg */; };
		ED44BB4323887B430050D901 /* 7.jpg in Resources */ = {isa = PBXBuildFile; fileRef = ED44BB3D23887B430050D901 /* 7.jpg */; };
		ED44BB4423887B430050D901 /* 3.jpg in Resources */ = {isa = PBXBuildFile; fileRef = ED44BB3E23887B430050D901 /* 3.jpg */; };
		ED44BB4523887B430050D901 /* 8.png in Resources */ = {isa = PBXBuildFile; fileRef = ED44BB3F23887B430050D901 /* 8.png */; };
		ED44BB47238884E80050D901 /* Default-568h@2x.png in Resources */ = {isa = PBXBuildFile; fileRef = ED44BB46238884E80050D901 /* Default-568h@2x.png */; };
		ED44BB49238886400050D901 /* CurrentWeather.swift in Sources */ = {isa = PBXBuildFile; fileRef = ED44BB48238886400050D901 /* CurrentWeather.swift */; };
		ED85F2D123ABF429009F3C63 /* PlantData.swift in Sources */ = {isa = PBXBuildFile; fileRef = ED85F2D023ABF429009F3C63 /* PlantData.swift */; };
		EDBEF97A23AC264400AF15F9 /* mossball.jpg in Resources */ = {isa = PBXBuildFile; fileRef = EDBEF97923AC264400AF15F9 /* mossball.jpg */; };
		EDBEF97C23AC26B100AF15F9 /* dracaena.jpg in Resources */ = {isa = PBXBuildFile; fileRef = EDBEF97B23AC26B100AF15F9 /* dracaena.jpg */; };
		EDBEF97E23AC277000AF15F9 /* jade.jpg in Resources */ = {isa = PBXBuildFile; fileRef = EDBEF97D23AC277000AF15F9 /* jade.jpg */; };
/* End PBXBuildFile section */

/* Begin PBXFileReference section */
		B3DAA420B3DA9DF000000001 /* SampleCode.xcconfig */ = {isa = PBXFileReference; lastKnownFileType = text.xcconfig; name = SampleCode.xcconfig; path = ../Configuration/SampleCode.xcconfig; sourceTree = "<group>"; };
		B5604650B56041A000000001 /* LICENSE.txt */ = {isa = PBXFileReference; includeInIndex = 1; lastKnownFileType = text; path = LICENSE.txt; sourceTree = "<group>"; };
		B7394862229F194000C47603 /* Flora-Keeper.app */ = {isa = PBXFileReference; explicitFileType = wrapper.application; includeInIndex = 0; path = "Flora-Keeper.app"; sourceTree = BUILT_PRODUCTS_DIR; };
		B7394865229F194000C47603 /* AppDelegate.swift */ = {isa = PBXFileReference; lastKnownFileType = sourcecode.swift; path = AppDelegate.swift; sourceTree = "<group>"; };
		B7394867229F194000C47603 /* SceneDelegate.swift */ = {isa = PBXFileReference; lastKnownFileType = sourcecode.swift; path = SceneDelegate.swift; sourceTree = "<group>"; };
		B7394869229F194000C47603 /* PlantDetail.swift */ = {isa = PBXFileReference; lastKnownFileType = sourcecode.swift; path = PlantDetail.swift; sourceTree = "<group>"; };
		B739486B229F194200C47603 /* Assets.xcassets */ = {isa = PBXFileReference; lastKnownFileType = folder.assetcatalog; path = Assets.xcassets; sourceTree = "<group>"; };
		B739486E229F194200C47603 /* Preview Assets.xcassets */ = {isa = PBXFileReference; lastKnownFileType = folder.assetcatalog; path = "Preview Assets.xcassets"; sourceTree = "<group>"; };
		B7394871229F194200C47603 /* Base */ = {isa = PBXFileReference; lastKnownFileType = file.storyboard; name = Base; path = Base.lproj/LaunchScreen.storyboard; sourceTree = "<group>"; };
		B7394873229F194200C47603 /* Info.plist */ = {isa = PBXFileReference; lastKnownFileType = text.plist.xml; path = Info.plist; sourceTree = "<group>"; };
		B7394879229F1B3F00C47603 /* CircleImage.swift */ = {isa = PBXFileReference; lastKnownFileType = sourcecode.swift; path = CircleImage.swift; sourceTree = "<group>"; };
		B739487F229F28B900C47603 /* Plant.swift */ = {isa = PBXFileReference; fileEncoding = 4; lastKnownFileType = sourcecode.swift; path = Plant.swift; sourceTree = "<group>"; };
		B7394880229F28B900C47603 /* Data.swift */ = {isa = PBXFileReference; fileEncoding = 4; lastKnownFileType = sourcecode.swift; path = Data.swift; sourceTree = "<group>"; };
		B739488E229F292E00C47603 /* plantData.json */ = {isa = PBXFileReference; fileEncoding = 4; lastKnownFileType = text.json; path = plantData.json; sourceTree = "<group>"; };
		B739489E229F2D9700C47603 /* PlantRow.swift */ = {isa = PBXFileReference; lastKnownFileType = sourcecode.swift; name = PlantRow.swift; path = "Supporting Views/PlantRow.swift"; sourceTree = "<group>"; };
		B73948A0229F2E1F00C47603 /* PlantList.swift */ = {isa = PBXFileReference; lastKnownFileType = sourcecode.swift; path = PlantList.swift; sourceTree = "<group>"; };
		B7D2AAC4229F4D7C0061E5F5 /* UserData.swift */ = {isa = PBXFileReference; lastKnownFileType = sourcecode.swift; path = UserData.swift; sourceTree = "<group>"; };
		B7D587D122A0892C006E8DCF /* Home.swift */ = {isa = PBXFileReference; lastKnownFileType = sourcecode.swift; path = Home.swift; sourceTree = "<group>"; };
		B7D587D322A08965006E8DCF /* CategoryRow.swift */ = {isa = PBXFileReference; lastKnownFileType = sourcecode.swift; path = CategoryRow.swift; sourceTree = "<group>"; };
		B7D587D522A08C97006E8DCF /* Profile.swift */ = {isa = PBXFileReference; fileEncoding = 4; lastKnownFileType = sourcecode.swift; path = Profile.swift; sourceTree = "<group>"; };
		B7D587D822A08D33006E8DCF /* ProfileHost.swift */ = {isa = PBXFileReference; lastKnownFileType = sourcecode.swift; path = ProfileHost.swift; sourceTree = "<group>"; };
		B7D587DA22A08D67006E8DCF /* ProfileSummary.swift */ = {isa = PBXFileReference; lastKnownFileType = sourcecode.swift; path = ProfileSummary.swift; sourceTree = "<group>"; };
		B7D587DE22A08E1A006E8DCF /* ProfileEditor.swift */ = {isa = PBXFileReference; lastKnownFileType = sourcecode.swift; path = ProfileEditor.swift; sourceTree = "<group>"; };
		ED12D00E23C2C34300AF506F /* RKColorSettings.swift */ = {isa = PBXFileReference; fileEncoding = 4; lastKnownFileType = sourcecode.swift; name = RKColorSettings.swift; path = ../../../../../../../../../Downloads/RKCalendar/RKCalendar/Manager/RKColorSettings.swift; sourceTree = "<group>"; };
		ED12D00F23C2C34300AF506F /* RKWeekdayHeader.swift */ = {isa = PBXFileReference; fileEncoding = 4; lastKnownFileType = sourcecode.swift; name = RKWeekdayHeader.swift; path = ../../../../../../../../../Downloads/RKCalendar/RKCalendar/Manager/RKWeekdayHeader.swift; sourceTree = "<group>"; };
		ED12D01023C2C34300AF506F /* RKCell.swift */ = {isa = PBXFileReference; fileEncoding = 4; lastKnownFileType = sourcecode.swift; name = RKCell.swift; path = ../../../../../../../../../Downloads/RKCalendar/RKCalendar/Manager/RKCell.swift; sourceTree = "<group>"; };
		ED12D01123C2C34300AF506F /* RKMonth.swift */ = {isa = PBXFileReference; fileEncoding = 4; lastKnownFileType = sourcecode.swift; name = RKMonth.swift; path = ../../../../../../../../../Downloads/RKCalendar/RKCalendar/Manager/RKMonth.swift; sourceTree = "<group>"; };
		ED12D01223C2C34300AF506F /* RKDate.swift */ = {isa = PBXFileReference; fileEncoding = 4; lastKnownFileType = sourcecode.swift; name = RKDate.swift; path = ../../../../../../../../../Downloads/RKCalendar/RKCalendar/Manager/RKDate.swift; sourceTree = "<group>"; };
		ED12D01323C2C34300AF506F /* RKViewController.swift */ = {isa = PBXFileReference; fileEncoding = 4; lastKnownFileType = sourcecode.swift; name = RKViewController.swift; path = ../../../../../../../../../Downloads/RKCalendar/RKCalendar/Manager/RKViewController.swift; sourceTree = "<group>"; };
		ED12D01423C2C34300AF506F /* RKManager.swift */ = {isa = PBXFileReference; fileEncoding = 4; lastKnownFileType = sourcecode.swift; name = RKManager.swift; path = ../../../../../../../../../Downloads/RKCalendar/RKCalendar/Manager/RKManager.swift; sourceTree = "<group>"; };
		ED44BB36238743790050D901 /* Weather.swift */ = {isa = PBXFileReference; lastKnownFileType = sourcecode.swift; path = Weather.swift; sourceTree = "<group>"; };
		ED44BB3A23887B430050D901 /* 10.jpg */ = {isa = PBXFileReference; lastKnownFileType = image.jpeg; path = 10.jpg; sourceTree = "<group>"; };
		ED44BB3B23887B430050D901 /* 2.jpg */ = {isa = PBXFileReference; lastKnownFileType = image.jpeg; path = 2.jpg; sourceTree = "<group>"; };
		ED44BB3C23887B430050D901 /* 5.jpg */ = {isa = PBXFileReference; lastKnownFileType = image.jpeg; path = 5.jpg; sourceTree = "<group>"; };
		ED44BB3D23887B430050D901 /* 7.jpg */ = {isa = PBXFileReference; lastKnownFileType = image.jpeg; path = 7.jpg; sourceTree = "<group>"; };
		ED44BB3E23887B430050D901 /* 3.jpg */ = {isa = PBXFileReference; lastKnownFileType = image.jpeg; path = 3.jpg; sourceTree = "<group>"; };
		ED44BB3F23887B430050D901 /* 8.png */ = {isa = PBXFileReference; lastKnownFileType = image.png; path = 8.png; sourceTree = "<group>"; };
		ED44BB46238884E80050D901 /* Default-568h@2x.png */ = {isa = PBXFileReference; lastKnownFileType = image.png; path = "Default-568h@2x.png"; sourceTree = "<group>"; };
		ED44BB48238886400050D901 /* CurrentWeather.swift */ = {isa = PBXFileReference; lastKnownFileType = sourcecode.swift; path = CurrentWeather.swift; sourceTree = "<group>"; };
		ED85F2D023ABF429009F3C63 /* PlantData.swift */ = {isa = PBXFileReference; lastKnownFileType = sourcecode.swift; path = PlantData.swift; sourceTree = "<group>"; };
		EDBEF97923AC264400AF15F9 /* mossball.jpg */ = {isa = PBXFileReference; lastKnownFileType = image.jpeg; path = mossball.jpg; sourceTree = "<group>"; };
		EDBEF97B23AC26B100AF15F9 /* dracaena.jpg */ = {isa = PBXFileReference; lastKnownFileType = image.jpeg; path = dracaena.jpg; sourceTree = "<group>"; };
		EDBEF97D23AC277000AF15F9 /* jade.jpg */ = {isa = PBXFileReference; lastKnownFileType = image.jpeg; path = jade.jpg; sourceTree = "<group>"; };
/* End PBXFileReference section */

/* Begin PBXFrameworksBuildPhase section */
		B739485F229F194000C47603 /* Frameworks */ = {
			isa = PBXFrameworksBuildPhase;
			buildActionMask = 2147483647;
			files = (
			);
			runOnlyForDeploymentPostprocessing = 0;
		};
/* End PBXFrameworksBuildPhase section */

/* Begin PBXGroup section */
		B3DAA720B3DA9FA000000001 /* Configuration */ = {
			isa = PBXGroup;
			children = (
				B3DAA420B3DA9DF000000001 /* SampleCode.xcconfig */,
			);
			name = Configuration;
			sourceTree = "<group>";
		};
		B5603A70B560321000000001 /* LICENSE */ = {
			isa = PBXGroup;
			children = (
				B5604650B56041A000000001 /* LICENSE.txt */,
			);
			name = LICENSE;
			path = ../LICENSE;
			sourceTree = "<group>";
		};
		B7394859229F194000C47603 = {
			isa = PBXGroup;
			children = (
				ED44BB46238884E80050D901 /* Default-568h@2x.png */,
				B7394864229F194000C47603 /* Plants */,
				B7394863229F194000C47603 /* Products */,
				B3DAA720B3DA9FA000000001 /* Configuration */,
				B5603A70B560321000000001 /* LICENSE */,
			);
			sourceTree = "<group>";
		};
		B7394863229F194000C47603 /* Products */ = {
			isa = PBXGroup;
			children = (
				B7394862229F194000C47603 /* Flora-Keeper.app */,
			);
			name = Products;
			sourceTree = "<group>";
		};
		B7394864229F194000C47603 /* Plants */ = {
			isa = PBXGroup;
			children = (
				ED12CFD323C2BD5A00AF506F /* Manager */,
				B739487E229F282200C47603 /* Models */,
				B7D587D722A08D16006E8DCF /* Profiles */,
				B7394865229F194000C47603 /* AppDelegate.swift */,
				ED44BB48238886400050D901 /* CurrentWeather.swift */,
				B7394867229F194000C47603 /* SceneDelegate.swift */,
				B7D587D122A0892C006E8DCF /* Home.swift */,
				B7D587D322A08965006E8DCF /* CategoryRow.swift */,
				B73948A0229F2E1F00C47603 /* PlantList.swift */,
				B739489E229F2D9700C47603 /* PlantRow.swift */,
				B7394869229F194000C47603 /* PlantDetail.swift */,
				B739487D229F1C0100C47603 /* Supporting Views */,
				B7394883229F291A00C47603 /* Resources */,
				B739486B229F194200C47603 /* Assets.xcassets */,
				B7394870229F194200C47603 /* LaunchScreen.storyboard */,
				B7394873229F194200C47603 /* Info.plist */,
				B739486D229F194200C47603 /* Preview Content */,
			);
			path = Plants;
			sourceTree = "<group>";
		};
		B739486D229F194200C47603 /* Preview Content */ = {
			isa = PBXGroup;
			children = (
				B739486E229F194200C47603 /* Preview Assets.xcassets */,
			);
			path = "Preview Content";
			sourceTree = "<group>";
		};
		B739487D229F1C0100C47603 /* Supporting Views */ = {
			isa = PBXGroup;
			children = (
				B7394879229F1B3F00C47603 /* CircleImage.swift */,
			);
			path = "Supporting Views";
			sourceTree = "<group>";
		};
		B739487E229F282200C47603 /* Models */ = {
			isa = PBXGroup;
			children = (
				B7D587D522A08C97006E8DCF /* Profile.swift */,
				B7394880229F28B900C47603 /* Data.swift */,
				B739487F229F28B900C47603 /* Plant.swift */,
				B7D2AAC4229F4D7C0061E5F5 /* UserData.swift */,
				ED44BB36238743790050D901 /* Weather.swift */,
				ED85F2D023ABF429009F3C63 /* PlantData.swift */,
			);
			path = Models;
			sourceTree = "<group>";
		};
		B7394883229F291A00C47603 /* Resources */ = {
			isa = PBXGroup;
			children = (
				EDBEF97D23AC277000AF15F9 /* jade.jpg */,
				EDBEF97B23AC26B100AF15F9 /* dracaena.jpg */,
				EDBEF97923AC264400AF15F9 /* mossball.jpg */,
				ED44BB3B23887B430050D901 /* 2.jpg */,
				ED44BB3E23887B430050D901 /* 3.jpg */,
				ED44BB3C23887B430050D901 /* 5.jpg */,
				ED44BB3D23887B430050D901 /* 7.jpg */,
				ED44BB3F23887B430050D901 /* 8.png */,
				ED44BB3A23887B430050D901 /* 10.jpg */,
				B739488E229F292E00C47603 /* plantData.json */,
			);
			path = Resources;
			sourceTree = "<group>";
		};
		B7D587D722A08D16006E8DCF /* Profiles */ = {
			isa = PBXGroup;
			children = (
				B7D587D822A08D33006E8DCF /* ProfileHost.swift */,
				B7D587DA22A08D67006E8DCF /* ProfileSummary.swift */,
				B7D587DE22A08E1A006E8DCF /* ProfileEditor.swift */,
			);
			path = Profiles;
			sourceTree = "<group>";
		};
		ED12CFD323C2BD5A00AF506F /* Manager */ = {
			isa = PBXGroup;
			children = (
				ED12D01023C2C34300AF506F /* RKCell.swift */,
				ED12D00E23C2C34300AF506F /* RKColorSettings.swift */,
				ED12D01223C2C34300AF506F /* RKDate.swift */,
				ED12D01423C2C34300AF506F /* RKManager.swift */,
				ED12D01123C2C34300AF506F /* RKMonth.swift */,
				ED12D01323C2C34300AF506F /* RKViewController.swift */,
				ED12D00F23C2C34300AF506F /* RKWeekdayHeader.swift */,
			);
			path = Manager;
			sourceTree = "<group>";
		};
/* End PBXGroup section */

/* Begin PBXNativeTarget section */
		B7394861229F194000C47603 /* Landmarks */ = {
			isa = PBXNativeTarget;
			buildConfigurationList = B7394876229F194200C47603 /* Build configuration list for PBXNativeTarget "Landmarks" */;
			buildPhases = (
				B739485E229F194000C47603 /* Sources */,
				B739485F229F194000C47603 /* Frameworks */,
				B7394860229F194000C47603 /* Resources */,
			);
			buildRules = (
			);
			dependencies = (
			);
			name = Landmarks;
			productName = Landmarks;
			productReference = B7394862229F194000C47603 /* Flora-Keeper.app */;
			productType = "com.apple.product-type.application";
		};
/* End PBXNativeTarget section */

/* Begin PBXProject section */
		B739485A229F194000C47603 /* Project object */ = {
			isa = PBXProject;
			attributes = {
				LastSwiftUpdateCheck = 1100;
				LastUpgradeCheck = 1100;
				ORGANIZATIONNAME = Apple;
				TargetAttributes = {
					B7394861229F194000C47603 = {
						CreatedOnToolsVersion = 11.0;
					};
				};
			};
			buildConfigurationList = B739485D229F194000C47603 /* Build configuration list for PBXProject "Flora-Keeper" */;
			compatibilityVersion = "Xcode 9.3";
			developmentRegion = en;
			hasScannedForEncodings = 0;
			knownRegions = (
				en,
				Base,
			);
			mainGroup = B7394859229F194000C47603;
			productRefGroup = B7394863229F194000C47603 /* Products */;
			projectDirPath = "";
			projectRoot = "";
			targets = (
				B7394861229F194000C47603 /* Landmarks */,
			);
		};
/* End PBXProject section */

/* Begin PBXResourcesBuildPhase section */
		B7394860229F194000C47603 /* Resources */ = {
			isa = PBXResourcesBuildPhase;
			buildActionMask = 2147483647;
			files = (
				EDBEF97A23AC264400AF15F9 /* mossball.jpg in Resources */,
				ED44BB4523887B430050D901 /* 8.png in Resources */,
				ED44BB4223887B430050D901 /* 5.jpg in Resources */,
				EDBEF97E23AC277000AF15F9 /* jade.jpg in Resources */,
				ED44BB4323887B430050D901 /* 7.jpg in Resources */,
				ED44BB47238884E80050D901 /* Default-568h@2x.png in Resources */,
				B7394872229F194200C47603 /* LaunchScreen.storyboard in Resources */,
				ED44BB4023887B430050D901 /* 10.jpg in Resources */,
				B739486F229F194200C47603 /* Preview Assets.xcassets in Resources */,
				ED44BB4423887B430050D901 /* 3.jpg in Resources */,
				ED44BB4123887B430050D901 /* 2.jpg in Resources */,
				B739486C229F194200C47603 /* Assets.xcassets in Resources */,
				B739489B229F292F00C47603 /* plantData.json in Resources */,
				EDBEF97C23AC26B100AF15F9 /* dracaena.jpg in Resources */,
			);
			runOnlyForDeploymentPostprocessing = 0;
		};
/* End PBXResourcesBuildPhase section */

/* Begin PBXSourcesBuildPhase section */
		B739485E229F194000C47603 /* Sources */ = {
			isa = PBXSourcesBuildPhase;
			buildActionMask = 2147483647;
			files = (
				ED12D01623C2C34300AF506F /* RKWeekdayHeader.swift in Sources */,
				B7394882229F28B900C47603 /* Data.swift in Sources */,
				B7394866229F194000C47603 /* AppDelegate.swift in Sources */,
				B7D587D922A08D33006E8DCF /* ProfileHost.swift in Sources */,
				B7D587D622A08C97006E8DCF /* Profile.swift in Sources */,
				B7D587D422A08965006E8DCF /* CategoryRow.swift in Sources */,
				B739487A229F1B3F00C47603 /* CircleImage.swift in Sources */,
				B73948A1229F2E1F00C47603 /* PlantList.swift in Sources */,
				B7D587D222A0892C006E8DCF /* Home.swift in Sources */,
				B7394868229F194000C47603 /* SceneDelegate.swift in Sources */,
				ED12D01523C2C34300AF506F /* RKColorSettings.swift in Sources */,
				ED12D01923C2C34300AF506F /* RKDate.swift in Sources */,
				ED44BB37238743790050D901 /* Weather.swift in Sources */,
				ED12D01A23C2C34400AF506F /* RKViewController.swift in Sources */,
				B739486A229F194000C47603 /* PlantDetail.swift in Sources */,
				ED12D01823C2C34300AF506F /* RKMonth.swift in Sources */,
				B739489F229F2D9700C47603 /* PlantRow.swift in Sources */,
				B7D587DB22A08D67006E8DCF /* ProfileSummary.swift in Sources */,
				B7D2AAC5229F4D7C0061E5F5 /* UserData.swift in Sources */,
				ED85F2D123ABF429009F3C63 /* PlantData.swift in Sources */,
				B7394881229F28B900C47603 /* Plant.swift in Sources */,
				ED44BB49238886400050D901 /* CurrentWeather.swift in Sources */,
				ED12D01B23C2C34400AF506F /* RKManager.swift in Sources */,
				ED12D01723C2C34300AF506F /* RKCell.swift in Sources */,
				B7D587DF22A08E1A006E8DCF /* ProfileEditor.swift in Sources */,
			);
			runOnlyForDeploymentPostprocessing = 0;
		};
/* End PBXSourcesBuildPhase section */

/* Begin PBXVariantGroup section */
		B7394870229F194200C47603 /* LaunchScreen.storyboard */ = {
			isa = PBXVariantGroup;
			children = (
				B7394871229F194200C47603 /* Base */,
			);
			name = LaunchScreen.storyboard;
			sourceTree = "<group>";
		};
/* End PBXVariantGroup section */

/* Begin XCBuildConfiguration section */
		B7394874229F194200C47603 /* Debug */ = {
			isa = XCBuildConfiguration;
			baseConfigurationReference = B3DAA420B3DA9DF000000001 /* SampleCode.xcconfig */;
			buildSettings = {
				ALWAYS_SEARCH_USER_PATHS = NO;
				CLANG_ANALYZER_NONNULL = YES;
				CLANG_ANALYZER_NUMBER_OBJECT_CONVERSION = YES_AGGRESSIVE;
				CLANG_CXX_LANGUAGE_STANDARD = "gnu++14";
				CLANG_CXX_LIBRARY = "libc++";
				CLANG_ENABLE_MODULES = YES;
				CLANG_ENABLE_OBJC_ARC = YES;
				CLANG_ENABLE_OBJC_WEAK = YES;
				CLANG_WARN_BLOCK_CAPTURE_AUTORELEASING = YES;
				CLANG_WARN_BOOL_CONVERSION = YES;
				CLANG_WARN_COMMA = YES;
				CLANG_WARN_CONSTANT_CONVERSION = YES;
				CLANG_WARN_DEPRECATED_OBJC_IMPLEMENTATIONS = YES;
				CLANG_WARN_DIRECT_OBJC_ISA_USAGE = YES_ERROR;
				CLANG_WARN_DOCUMENTATION_COMMENTS = YES;
				CLANG_WARN_EMPTY_BODY = YES;
				CLANG_WARN_ENUM_CONVERSION = YES;
				CLANG_WARN_INFINITE_RECURSION = YES;
				CLANG_WARN_INT_CONVERSION = YES;
				CLANG_WARN_NON_LITERAL_NULL_CONVERSION = YES;
				CLANG_WARN_OBJC_IMPLICIT_RETAIN_SELF = YES;
				CLANG_WARN_OBJC_LITERAL_CONVERSION = YES;
				CLANG_WARN_OBJC_ROOT_CLASS = YES_ERROR;
				CLANG_WARN_RANGE_LOOP_ANALYSIS = YES;
				CLANG_WARN_STRICT_PROTOTYPES = YES;
				CLANG_WARN_SUSPICIOUS_MOVE = YES;
				CLANG_WARN_UNGUARDED_AVAILABILITY = YES_AGGRESSIVE;
				CLANG_WARN_UNREACHABLE_CODE = YES;
				CLANG_WARN__DUPLICATE_METHOD_MATCH = YES;
				COPY_PHASE_STRIP = NO;
				DEBUG_INFORMATION_FORMAT = dwarf;
				ENABLE_STRICT_OBJC_MSGSEND = YES;
				ENABLE_TESTABILITY = YES;
				GCC_C_LANGUAGE_STANDARD = gnu11;
				GCC_DYNAMIC_NO_PIC = NO;
				GCC_NO_COMMON_BLOCKS = YES;
				GCC_OPTIMIZATION_LEVEL = 0;
				GCC_PREPROCESSOR_DEFINITIONS = (
					"DEBUG=1",
					"$(inherited)",
				);
				GCC_WARN_64_TO_32_BIT_CONVERSION = YES;
				GCC_WARN_ABOUT_RETURN_TYPE = YES_ERROR;
				GCC_WARN_UNDECLARED_SELECTOR = YES;
				GCC_WARN_UNINITIALIZED_AUTOS = YES_AGGRESSIVE;
				GCC_WARN_UNUSED_FUNCTION = YES;
				GCC_WARN_UNUSED_VARIABLE = YES;
				IPHONEOS_DEPLOYMENT_TARGET = 13.0;
				MTL_ENABLE_DEBUG_INFO = INCLUDE_SOURCE;
				MTL_FAST_MATH = YES;
				ONLY_ACTIVE_ARCH = YES;
				SDKROOT = iphoneos;
				SWIFT_ACTIVE_COMPILATION_CONDITIONS = DEBUG;
				SWIFT_OPTIMIZATION_LEVEL = "-Onone";
			};
			name = Debug;
		};
		B7394875229F194200C47603 /* Release */ = {
			isa = XCBuildConfiguration;
			baseConfigurationReference = B3DAA420B3DA9DF000000001 /* SampleCode.xcconfig */;
			buildSettings = {
				ALWAYS_SEARCH_USER_PATHS = NO;
				CLANG_ANALYZER_NONNULL = YES;
				CLANG_ANALYZER_NUMBER_OBJECT_CONVERSION = YES_AGGRESSIVE;
				CLANG_CXX_LANGUAGE_STANDARD = "gnu++14";
				CLANG_CXX_LIBRARY = "libc++";
				CLANG_ENABLE_MODULES = YES;
				CLANG_ENABLE_OBJC_ARC = YES;
				CLANG_ENABLE_OBJC_WEAK = YES;
				CLANG_WARN_BLOCK_CAPTURE_AUTORELEASING = YES;
				CLANG_WARN_BOOL_CONVERSION = YES;
				CLANG_WARN_COMMA = YES;
				CLANG_WARN_CONSTANT_CONVERSION = YES;
				CLANG_WARN_DEPRECATED_OBJC_IMPLEMENTATIONS = YES;
				CLANG_WARN_DIRECT_OBJC_ISA_USAGE = YES_ERROR;
				CLANG_WARN_DOCUMENTATION_COMMENTS = YES;
				CLANG_WARN_EMPTY_BODY = YES;
				CLANG_WARN_ENUM_CONVERSION = YES;
				CLANG_WARN_INFINITE_RECURSION = YES;
				CLANG_WARN_INT_CONVERSION = YES;
				CLANG_WARN_NON_LITERAL_NULL_CONVERSION = YES;
				CLANG_WARN_OBJC_IMPLICIT_RETAIN_SELF = YES;
				CLANG_WARN_OBJC_LITERAL_CONVERSION = YES;
				CLANG_WARN_OBJC_ROOT_CLASS = YES_ERROR;
				CLANG_WARN_RANGE_LOOP_ANALYSIS = YES;
				CLANG_WARN_STRICT_PROTOTYPES = YES;
				CLANG_WARN_SUSPICIOUS_MOVE = YES;
				CLANG_WARN_UNGUARDED_AVAILABILITY = YES_AGGRESSIVE;
				CLANG_WARN_UNREACHABLE_CODE = YES;
				CLANG_WARN__DUPLICATE_METHOD_MATCH = YES;
				COPY_PHASE_STRIP = NO;
				DEBUG_INFORMATION_FORMAT = "dwarf-with-dsym";
				ENABLE_NS_ASSERTIONS = NO;
				ENABLE_STRICT_OBJC_MSGSEND = YES;
				GCC_C_LANGUAGE_STANDARD = gnu11;
				GCC_NO_COMMON_BLOCKS = YES;
				GCC_WARN_64_TO_32_BIT_CONVERSION = YES;
				GCC_WARN_ABOUT_RETURN_TYPE = YES_ERROR;
				GCC_WARN_UNDECLARED_SELECTOR = YES;
				GCC_WARN_UNINITIALIZED_AUTOS = YES_AGGRESSIVE;
				GCC_WARN_UNUSED_FUNCTION = YES;
				GCC_WARN_UNUSED_VARIABLE = YES;
				IPHONEOS_DEPLOYMENT_TARGET = 13.0;
				MTL_ENABLE_DEBUG_INFO = NO;
				MTL_FAST_MATH = YES;
				SDKROOT = iphoneos;
				SWIFT_COMPILATION_MODE = wholemodule;
				SWIFT_OPTIMIZATION_LEVEL = "-O";
				VALIDATE_PRODUCT = YES;
			};
			name = Release;
		};
		B7394877229F194200C47603 /* Debug */ = {
			isa = XCBuildConfiguration;
			baseConfigurationReference = B3DAA420B3DA9DF000000001 /* SampleCode.xcconfig */;
			buildSettings = {
				ASSETCATALOG_COMPILER_APPICON_NAME = AppIcon;
				CODE_SIGN_STYLE = Automatic;
				DEVELOPMENT_ASSET_PATHS = "Plants/Preview\\ Content";
				DEVELOPMENT_TEAM = "";
				ENABLE_PREVIEWS = YES;
				INFOPLIST_FILE = Plants/Info.plist;
				LD_RUNPATH_SEARCH_PATHS = (
					"$(inherited)",
					"@executable_path/Frameworks",
				);
				PRODUCT_BUNDLE_IDENTIFIER = "com.example.apple-samplecode.Landmarks${SAMPLE_CODE_DISAMBIGUATOR}";
				PRODUCT_NAME = "Flora-Keeper";
				PROVISIONING_PROFILE_SPECIFIER = "";
				SWIFT_VERSION = 5.0;
				TARGETED_DEVICE_FAMILY = "1,2";
			};
			name = Debug;
		};
		B7394878229F194200C47603 /* Release */ = {
			isa = XCBuildConfiguration;
			baseConfigurationReference = B3DAA420B3DA9DF000000001 /* SampleCode.xcconfig */;
			buildSettings = {
				ASSETCATALOG_COMPILER_APPICON_NAME = AppIcon;
				CODE_SIGN_STYLE = Automatic;
				DEVELOPMENT_ASSET_PATHS = "Plants/Preview\\ Content";
				DEVELOPMENT_TEAM = "";
				ENABLE_PREVIEWS = YES;
				INFOPLIST_FILE = Plants/Info.plist;
				LD_RUNPATH_SEARCH_PATHS = (
					"$(inherited)",
					"@executable_path/Frameworks",
				);
				PRODUCT_BUNDLE_IDENTIFIER = "com.example.apple-samplecode.Landmarks${SAMPLE_CODE_DISAMBIGUATOR}";
				PRODUCT_NAME = "Flora-Keeper";
				PROVISIONING_PROFILE_SPECIFIER = "";
				SWIFT_VERSION = 5.0;
				TARGETED_DEVICE_FAMILY = "1,2";
			};
			name = Release;
		};
/* End XCBuildConfiguration section */

/* Begin XCConfigurationList section */
		B739485D229F194000C47603 /* Build configuration list for PBXProject "Flora-Keeper" */ = {
			isa = XCConfigurationList;
			buildConfigurations = (
				B7394874229F194200C47603 /* Debug */,
				B7394875229F194200C47603 /* Release */,
			);
			defaultConfigurationIsVisible = 0;
			defaultConfigurationName = Release;
		};
		B7394876229F194200C47603 /* Build configuration list for PBXNativeTarget "Landmarks" */ = {
			isa = XCConfigurationList;
			buildConfigurations = (
				B7394877229F194200C47603 /* Debug */,
				B7394878229F194200C47603 /* Release */,
			);
			defaultConfigurationIsVisible = 0;
			defaultConfigurationName = Release;
		};
/* End XCConfigurationList section */
	};
	rootObject = B739485A229F194000C47603 /* Project object */;
}
